{
  "name": "fabricProject",
  "version": "1.0.0",
  "lockfileVersion": 1,
  "requires": true,
  "dependencies": {
    "store": {
      "version": "2.0.12",
      "resolved": "https://registry.nlark.com/store/download/store-2.0.12.tgz",
      "integrity": "sha1-jFNOKguDH3K3X8XxEZhXxE711ZM="
    }
  }
}
